// !$*UTF8*$!
{
	archiveVersion = 1;
	classes = {
	};
	objectVersion = 50;
	objects = {

/* Begin PBXBuildFile section */
		203763F7B4AEB4E710481DB4 /* Pods_MVVMRxSwiftPractice.framework in Frameworks */ = {isa = PBXBuildFile; fileRef = D7FC371F992B7F5F2A64C667 /* Pods_MVVMRxSwiftPractice.framework */; };
		460EF5F02692D01C00FB0B65 /* AppDelegate.swift in Sources */ = {isa = PBXBuildFile; fileRef = 460EF5EF2692D01C00FB0B65 /* AppDelegate.swift */; };
		460EF5F22692D01C00FB0B65 /* SceneDelegate.swift in Sources */ = {isa = PBXBuildFile; fileRef = 460EF5F12692D01C00FB0B65 /* SceneDelegate.swift */; };
		460EF5F92692D01D00FB0B65 /* Assets.xcassets in Resources */ = {isa = PBXBuildFile; fileRef = 460EF5F82692D01D00FB0B65 /* Assets.xcassets */; };
		460EF5FC2692D01D00FB0B65 /* LaunchScreen.storyboard in Resources */ = {isa = PBXBuildFile; fileRef = 460EF5FA2692D01D00FB0B65 /* LaunchScreen.storyboard */; };
		460EF6052692D3A600FB0B65 /* RootViewController.swift in Sources */ = {isa = PBXBuildFile; fileRef = 460EF6042692D3A600FB0B65 /* RootViewController.swift */; };
		460EF6072692D46800FB0B65 /* Coodinator.swift in Sources */ = {isa = PBXBuildFile; fileRef = 460EF6062692D46800FB0B65 /* Coodinator.swift */; };
/* End PBXBuildFile section */

/* Begin PBXFileReference section */
		460EF5EC2692D01C00FB0B65 /* MVVMRxSwiftPractice.app */ = {isa = PBXFileReference; explicitFileType = wrapper.application; includeInIndex = 0; path = MVVMRxSwiftPractice.app; sourceTree = BUILT_PRODUCTS_DIR; };
		460EF5EF2692D01C00FB0B65 /* AppDelegate.swift */ = {isa = PBXFileReference; lastKnownFileType = sourcecode.swift; path = AppDelegate.swift; sourceTree = "<group>"; };
		460EF5F12692D01C00FB0B65 /* SceneDelegate.swift */ = {isa = PBXFileReference; lastKnownFileType = sourcecode.swift; path = SceneDelegate.swift; sourceTree = "<group>"; };
		460EF5F82692D01D00FB0B65 /* Assets.xcassets */ = {isa = PBXFileReference; lastKnownFileType = folder.assetcatalog; path = Assets.xcassets; sourceTree = "<group>"; };
		460EF5FB2692D01D00FB0B65 /* Base */ = {isa = PBXFileReference; lastKnownFileType = file.storyboard; name = Base; path = Base.lproj/LaunchScreen.storyboard; sourceTree = "<group>"; };
		460EF5FD2692D01D00FB0B65 /* Info.plist */ = {isa = PBXFileReference; lastKnownFileType = text.plist.xml; path = Info.plist; sourceTree = "<group>"; };
		460EF6042692D3A600FB0B65 /* RootViewController.swift */ = {isa = PBXFileReference; lastKnownFileType = sourcecode.swift; path = RootViewController.swift; sourceTree = "<group>"; };
		460EF6062692D46800FB0B65 /* Coodinator.swift */ = {isa = PBXFileReference; lastKnownFileType = sourcecode.swift; path = Coodinator.swift; sourceTree = "<group>"; };
		5633B719E6A3E9C90B643FE1 /* Pods-MVVMRxSwiftPractice.debug.xcconfig */ = {isa = PBXFileReference; includeInIndex = 1; lastKnownFileType = text.xcconfig; name = "Pods-MVVMRxSwiftPractice.debug.xcconfig"; path = "Target Support Files/Pods-MVVMRxSwiftPractice/Pods-MVVMRxSwiftPractice.debug.xcconfig"; sourceTree = "<group>"; };
		A5ECD4975C9DA3D46378BDFF /* Pods-MVVMRxSwiftPractice.release.xcconfig */ = {isa = PBXFileReference; includeInIndex = 1; lastKnownFileType = text.xcconfig; name = "Pods-MVVMRxSwiftPractice.release.xcconfig"; path = "Target Support Files/Pods-MVVMRxSwiftPractice/Pods-MVVMRxSwiftPractice.release.xcconfig"; sourceTree = "<group>"; };
		D7FC371F992B7F5F2A64C667 /* Pods_MVVMRxSwiftPractice.framework */ = {isa = PBXFileReference; explicitFileType = wrapper.framework; includeInIndex = 0; path = Pods_MVVMRxSwiftPractice.framework; sourceTree = BUILT_PRODUCTS_DIR; };
/* End PBXFileReference section */

/* Begin PBXFrameworksBuildPhase section */
		460EF5E92692D01C00FB0B65 /* Frameworks */ = {
			isa = PBXFrameworksBuildPhase;
			buildActionMask = 2147483647;
			files = (
				203763F7B4AEB4E710481DB4 /* Pods_MVVMRxSwiftPractice.framework in Frameworks */,
			);
			runOnlyForDeploymentPostprocessing = 0;
		};
/* End PBXFrameworksBuildPhase section */

/* Begin PBXGroup section */
		102AA9133675F0551E6690BA /* Pods */ = {
			isa = PBXGroup;
			children = (
				5633B719E6A3E9C90B643FE1 /* Pods-MVVMRxSwiftPractice.debug.xcconfig */,
				A5ECD4975C9DA3D46378BDFF /* Pods-MVVMRxSwiftPractice.release.xcconfig */,
			);
			name = Pods;
			path = Pods;
			sourceTree = "<group>";
		};
		460EF5E32692D01C00FB0B65 = {
			isa = PBXGroup;
			children = (
				460EF5EE2692D01C00FB0B65 /* MVVMRxSwiftPractice */,
				460EF5ED2692D01C00FB0B65 /* Products */,
				102AA9133675F0551E6690BA /* Pods */,
				780BE65FB0AAE0B9DAAAE8F7 /* Frameworks */,
			);
			sourceTree = "<group>";
		};
		460EF5ED2692D01C00FB0B65 /* Products */ = {
			isa = PBXGroup;
			children = (
				460EF5EC2692D01C00FB0B65 /* MVVMRxSwiftPractice.app */,
			);
			name = Products;
			sourceTree = "<group>";
		};
		460EF5EE2692D01C00FB0B65 /* MVVMRxSwiftPractice */ = {
			isa = PBXGroup;
			children = (
				460EF6032692D1C300FB0B65 /* Controllers */,
				460EF5EF2692D01C00FB0B65 /* AppDelegate.swift */,
				460EF5F12692D01C00FB0B65 /* SceneDelegate.swift */,
				460EF5F82692D01D00FB0B65 /* Assets.xcassets */,
				460EF5FA2692D01D00FB0B65 /* LaunchScreen.storyboard */,
				460EF5FD2692D01D00FB0B65 /* Info.plist */,
				460EF6062692D46800FB0B65 /* Coodinator.swift */,
			);
			path = MVVMRxSwiftPractice;
			sourceTree = "<group>";
		};
		460EF6032692D1C300FB0B65 /* Controllers */ = {
			isa = PBXGroup;
			children = (
				460EF6042692D3A600FB0B65 /* RootViewController.swift */,
			);
			path = Controllers;
			sourceTree = "<group>";
		};
		780BE65FB0AAE0B9DAAAE8F7 /* Frameworks */ = {
			isa = PBXGroup;
			children = (
				D7FC371F992B7F5F2A64C667 /* Pods_MVVMRxSwiftPractice.framework */,
			);
			name = Frameworks;
			sourceTree = "<group>";
		};
/* End PBXGroup section */

/* Begin PBXNativeTarget section */
		460EF5EB2692D01C00FB0B65 /* MVVMRxSwiftPractice */ = {
			isa = PBXNativeTarget;
			buildConfigurationList = 460EF6002692D01D00FB0B65 /* Build configuration list for PBXNativeTarget "MVVMRxSwiftPractice" */;
			buildPhases = (
				7BC6C8528F895DDC5F7CE3EC /* [CP] Check Pods Manifest.lock */,
				460EF5E82692D01C00FB0B65 /* Sources */,
				460EF5E92692D01C00FB0B65 /* Frameworks */,
				460EF5EA2692D01C00FB0B65 /* Resources */,
				781089EA86F5DD50F09C3421 /* [CP] Embed Pods Frameworks */,
			);
			buildRules = (
			);
			dependencies = (
			);
			name = MVVMRxSwiftPractice;
			productName = MVVMRxSwiftPractice;
			productReference = 460EF5EC2692D01C00FB0B65 /* MVVMRxSwiftPractice.app */;
			productType = "com.apple.product-type.application";
		};
/* End PBXNativeTarget section */

/* Begin PBXProject section */
		460EF5E42692D01C00FB0B65 /* Project object */ = {
			isa = PBXProject;
			attributes = {
				LastSwiftUpdateCheck = 1250;
				LastUpgradeCheck = 1250;
				TargetAttributes = {
					460EF5EB2692D01C00FB0B65 = {
						CreatedOnToolsVersion = 12.5;
					};
				};
			};
			buildConfigurationList = 460EF5E72692D01C00FB0B65 /* Build configuration list for PBXProject "MVVMRxSwiftPractice" */;
			compatibilityVersion = "Xcode 9.3";
			developmentRegion = en;
			hasScannedForEncodings = 0;
			knownRegions = (
				en,
				Base,
			);
			mainGroup = 460EF5E32692D01C00FB0B65;
			productRefGroup = 460EF5ED2692D01C00FB0B65 /* Products */;
			projectDirPath = "";
			projectRoot = "";
			targets = (
				460EF5EB2692D01C00FB0B65 /* MVVMRxSwiftPractice */,
			);
		};
/* End PBXProject section */

/* Begin PBXResourcesBuildPhase section */
		460EF5EA2692D01C00FB0B65 /* Resources */ = {
			isa = PBXResourcesBuildPhase;
			buildActionMask = 2147483647;
			files = (
				460EF5FC2692D01D00FB0B65 /* LaunchScreen.storyboard in Resources */,
				460EF5F92692D01D00FB0B65 /* Assets.xcassets in Resources */,
			);
			runOnlyForDeploymentPostprocessing = 0;
		};
/* End PBXResourcesBuildPhase section */

/* Begin PBXShellScriptBuildPhase section */
		781089EA86F5DD50F09C3421 /* [CP] Embed Pods Frameworks */ = {
			isa = PBXShellScriptBuildPhase;
			buildActionMask = 2147483647;
			files = (
			);
			inputFileListPaths = (
				"${PODS_ROOT}/Target Support Files/Pods-MVVMRxSwiftPractice/Pods-MVVMRxSwiftPractice-frameworks-${CONFIGURATION}-input-files.xcfilelist",
			);
			name = "[CP] Embed Pods Frameworks";
			outputFileListPaths = (
				"${PODS_ROOT}/Target Support Files/Pods-MVVMRxSwiftPractice/Pods-MVVMRxSwiftPractice-frameworks-${CONFIGURATION}-output-files.xcfilelist",
			);
			runOnlyForDeploymentPostprocessing = 0;
			shellPath = /bin/sh;
			shellScript = "\"${PODS_ROOT}/Target Support Files/Pods-MVVMRxSwiftPractice/Pods-MVVMRxSwiftPractice-frameworks.sh\"\n";
			showEnvVarsInLog = 0;
		};
		7BC6C8528F895DDC5F7CE3EC /* [CP] Check Pods Manifest.lock */ = {
			isa = PBXShellScriptBuildPhase;
			buildActionMask = 2147483647;
			files = (
			);
			inputFileListPaths = (
			);
			inputPaths = (
				"${PODS_PODFILE_DIR_PATH}/Podfile.lock",
				"${PODS_ROOT}/Manifest.lock",
			);
			name = "[CP] Check Pods Manifest.lock";
			outputFileListPaths = (
			);
			outputPaths = (
				"$(DERIVED_FILE_DIR)/Pods-MVVMRxSwiftPractice-checkManifestLockResult.txt",
			);
			runOnlyForDeploymentPostprocessing = 0;
			shellPath = /bin/sh;
			shellScript = "diff \"${PODS_PODFILE_DIR_PATH}/Podfile.lock\" \"${PODS_ROOT}/Manifest.lock\" > /dev/null\nif [ $? != 0 ] ; then\n    # print error to STDERR\n    echo \"error: The sandbox is not in sync with the Podfile.lock. Run 'pod install' or update your CocoaPods installation.\" >&2\n    exit 1\nfi\n# This output is used by Xcode 'outputs' to avoid re-running this script phase.\necho \"SUCCESS\" > \"${SCRIPT_OUTPUT_FILE_0}\"\n";
			showEnvVarsInLog = 0;
		};
/* End PBXShellScriptBuildPhase section */

/* Begin PBXSourcesBuildPhase section */
		460EF5E82692D01C00FB0B65 /* Sources */ = {
			isa = PBXSourcesBuildPhase;
			buildActionMask = 2147483647;
			files = (
				460EF5F02692D01C00FB0B65 /* AppDelegate.swift in Sources */,
				460EF6072692D46800FB0B65 /* Coodinator.swift in Sources */,
				460EF5F22692D01C00FB0B65 /* SceneDelegate.swift in Sources */,
				460EF6052692D3A600FB0B65 /* RootViewController.swift in Sources */,
			);
			runOnlyForDeploymentPostprocessing = 0;
		};
/* End PBXSourcesBuildPhase section */

/* Begin PBXVariantGroup section */
		460EF5FA2692D01D00FB0B65 /* LaunchScreen.storyboard */ = {
			isa = PBXVariantGroup;
			children = (
				460EF5FB2692D01D00FB0B65 /* Base */,
			);
			name = LaunchScreen.storyboard;
			sourceTree = "<group>";
		};
/* End PBXVariantGroup section */

/* Begin XCBuildConfiguration section */
		460EF5FE2692D01D00FB0B65 /* Debug */ = {
			isa = XCBuildConfiguration;
			buildSettings = {
				ALWAYS_SEARCH_USER_PATHS = NO;
				CLANG_ANALYZER_NONNULL = YES;
				CLANG_ANALYZER_NUMBER_OBJECT_CONVERSION = YES_AGGRESSIVE;
				CLANG_CXX_LANGUAGE_STANDARD = "gnu++14";
				CLANG_CXX_LIBRARY = "libc++";
				CLANG_ENABLE_MODULES = YES;
				CLANG_ENABLE_OBJC_ARC = YES;
				CLANG_ENABLE_OBJC_WEAK = YES;
				CLANG_WARN_BLOCK_CAPTURE_AUTORELEASING = YES;
				CLANG_WARN_BOOL_CONVERSION = YES;
				CLANG_WARN_COMMA = YES;
				CLANG_WARN_CONSTANT_CONVERSION = YES;
				CLANG_WARN_DEPRECATED_OBJC_IMPLEMENTATIONS = YES;
				CLANG_WARN_DIRECT_OBJC_ISA_USAGE = YES_ERROR;
				CLANG_WARN_DOCUMENTATION_COMMENTS = YES;
				CLANG_WARN_EMPTY_BODY = YES;
				CLANG_WARN_ENUM_CONVERSION = YES;
				CLANG_WARN_INFINITE_RECURSION = YES;
				CLANG_WARN_INT_CONVERSION = YES;
				CLANG_WARN_NON_LITERAL_NULL_CONVERSION = YES;
				CLANG_WARN_OBJC_IMPLICIT_RETAIN_SELF = YES;
				CLANG_WARN_OBJC_LITERAL_CONVERSION = YES;
				CLANG_WARN_OBJC_ROOT_CLASS = YES_ERROR;
				CLANG_WARN_QUOTED_INCLUDE_IN_FRAMEWORK_HEADER = YES;
				CLANG_WARN_RANGE_LOOP_ANALYSIS = YES;
				CLANG_WARN_STRICT_PROTOTYPES = YES;
				CLANG_WARN_SUSPICIOUS_MOVE = YES;
				CLANG_WARN_UNGUARDED_AVAILABILITY = YES_AGGRESSIVE;
				CLANG_WARN_UNREACHABLE_CODE = YES;
				CLANG_WARN__DUPLICATE_METHOD_MATCH = YES;
				COPY_PHASE_STRIP = NO;
				DEBUG_INFORMATION_FORMAT = dwarf;
				ENABLE_STRICT_OBJC_MSGSEND = YES;
				ENABLE_TESTABILITY = YES;
				GCC_C_LANGUAGE_STANDARD = gnu11;
				GCC_DYNAMIC_NO_PIC = NO;
				GCC_NO_COMMON_BLOCKS = YES;
				GCC_OPTIMIZATION_LEVEL = 0;
				GCC_PREPROCESSOR_DEFINITIONS = (
					"DEBUG=1",
					"$(inherited)",
				);
				GCC_WARN_64_TO_32_BIT_CONVERSION = YES;
				GCC_WARN_ABOUT_RETURN_TYPE = YES_ERROR;
				GCC_WARN_UNDECLARED_SELECTOR = YES;
				GCC_WARN_UNINITIALIZED_AUTOS = YES_AGGRESSIVE;
				GCC_WARN_UNUSED_FUNCTION = YES;
				GCC_WARN_UNUSED_VARIABLE = YES;
				IPHONEOS_DEPLOYMENT_TARGET = 14.5;
				MTL_ENABLE_DEBUG_INFO = INCLUDE_SOURCE;
				MTL_FAST_MATH = YES;
				ONLY_ACTIVE_ARCH = YES;
				SDKROOT = iphoneos;
				SWIFT_ACTIVE_COMPILATION_CONDITIONS = DEBUG;
				SWIFT_OPTIMIZATION_LEVEL = "-Onone";
			};
			name = Debug;
		};
		460EF5FF2692D01D00FB0B65 /* Release */ = {
			isa = XCBuildConfiguration;
			buildSettings = {
				ALWAYS_SEARCH_USER_PATHS = NO;
				CLANG_ANALYZER_NONNULL = YES;
				CLANG_ANALYZER_NUMBER_OBJECT_CONVERSION = YES_AGGRESSIVE;
				CLANG_CXX_LANGUAGE_STANDARD = "gnu++14";
				CLANG_CXX_LIBRARY = "libc++";
				CLANG_ENABLE_MODULES = YES;
				CLANG_ENABLE_OBJC_ARC = YES;
				CLANG_ENABLE_OBJC_WEAK = YES;
				CLANG_WARN_BLOCK_CAPTURE_AUTORELEASING = YES;
				CLANG_WARN_BOOL_CONVERSION = YES;
				CLANG_WARN_COMMA = YES;
				CLANG_WARN_CONSTANT_CONVERSION = YES;
				CLANG_WARN_DEPRECATED_OBJC_IMPLEMENTATIONS = YES;
				CLANG_WARN_DIRECT_OBJC_ISA_USAGE = YES_ERROR;
				CLANG_WARN_DOCUMENTATION_COMMENTS = YES;
				CLANG_WARN_EMPTY_BODY = YES;
				CLANG_WARN_ENUM_CONVERSION = YES;
				CLANG_WARN_INFINITE_RECURSION = YES;
				CLANG_WARN_INT_CONVERSION = YES;
				CLANG_WARN_NON_LITERAL_NULL_CONVERSION = YES;
				CLANG_WARN_OBJC_IMPLICIT_RETAIN_SELF = YES;
				CLANG_WARN_OBJC_LITERAL_CONVERSION = YES;
				CLANG_WARN_OBJC_ROOT_CLASS = YES_ERROR;
				CLANG_WARN_QUOTED_INCLUDE_IN_FRAMEWORK_HEADER = YES;
				CLANG_WARN_RANGE_LOOP_ANALYSIS = YES;
				CLANG_WARN_STRICT_PROTOTYPES = YES;
				CLANG_WARN_SUSPICIOUS_MOVE = YES;
				CLANG_WARN_UNGUARDED_AVAILABILITY = YES_AGGRESSIVE;
				CLANG_WARN_UNREACHABLE_CODE = YES;
				CLANG_WARN__DUPLICATE_METHOD_MATCH = YES;
				COPY_PHASE_STRIP = NO;
				DEBUG_INFORMATION_FORMAT = "dwarf-with-dsym";
				ENABLE_NS_ASSERTIONS = NO;
				ENABLE_STRICT_OBJC_MSGSEND = YES;
				GCC_C_LANGUAGE_STANDARD = gnu11;
				GCC_NO_COMMON_BLOCKS = YES;
				GCC_WARN_64_TO_32_BIT_CONVERSION = YES;
				GCC_WARN_ABOUT_RETURN_TYPE = YES_ERROR;
				GCC_WARN_UNDECLARED_SELECTOR = YES;
				GCC_WARN_UNINITIALIZED_AUTOS = YES_AGGRESSIVE;
				GCC_WARN_UNUSED_FUNCTION = YES;
				GCC_WARN_UNUSED_VARIABLE = YES;
				IPHONEOS_DEPLOYMENT_TARGET = 14.5;
				MTL_ENABLE_DEBUG_INFO = NO;
				MTL_FAST_MATH = YES;
				SDKROOT = iphoneos;
				SWIFT_COMPILATION_MODE = wholemodule;
				SWIFT_OPTIMIZATION_LEVEL = "-O";
				VALIDATE_PRODUCT = YES;
			};
			name = Release;
		};
		460EF6012692D01D00FB0B65 /* Debug */ = {
			isa = XCBuildConfiguration;
			baseConfigurationReference = 5633B719E6A3E9C90B643FE1 /* Pods-MVVMRxSwiftPractice.debug.xcconfig */;
			buildSettings = {
				ASSETCATALOG_COMPILER_APPICON_NAME = AppIcon;
				ASSETCATALOG_COMPILER_GLOBAL_ACCENT_COLOR_NAME = AccentColor;
				CODE_SIGN_STYLE = Automatic;
				INFOPLIST_FILE = MVVMRxSwiftPractice/Info.plist;
				LD_RUNPATH_SEARCH_PATHS = (
					"$(inherited)",
					"@executable_path/Frameworks",
				);
				PRODUCT_BUNDLE_IDENTIFIER = com.seohyeokgyu.MVVMRxSwiftPractice;
				PRODUCT_NAME = "$(TARGET_NAME)";
				SWIFT_VERSION = 5.0;
				TARGETED_DEVICE_FAMILY = "1,2";
			};
			name = Debug;
		};
		460EF6022692D01D00FB0B65 /* Release */ = {
			isa = XCBuildConfiguration;
			baseConfigurationReference = A5ECD4975C9DA3D46378BDFF /* Pods-MVVMRxSwiftPractice.release.xcconfig */;
			buildSettings = {
				ASSETCATALOG_COMPILER_APPICON_NAME = AppIcon;
				ASSETCATALOG_COMPILER_GLOBAL_ACCENT_COLOR_NAME = AccentColor;
				CODE_SIGN_STYLE = Automatic;
				INFOPLIST_FILE = MVVMRxSwiftPractice/Info.plist;
				LD_RUNPATH_SEARCH_PATHS = (
					"$(inherited)",
					"@executable_path/Frameworks",
				);
				PRODUCT_BUNDLE_IDENTIFIER = com.seohyeokgyu.MVVMRxSwiftPractice;
				PRODUCT_NAME = "$(TARGET_NAME)";
				SWIFT_VERSION = 5.0;
				TARGETED_DEVICE_FAMILY = "1,2";
			};
			name = Release;
		};
/* End XCBuildConfiguration section */

/* Begin XCConfigurationList section */
		460EF5E72692D01C00FB0B65 /* Build configuration list for PBXProject "MVVMRxSwiftPractice" */ = {
			isa = XCConfigurationList;
			buildConfigurations = (
				460EF5FE2692D01D00FB0B65 /* Debug */,
				460EF5FF2692D01D00FB0B65 /* Release */,
			);
			defaultConfigurationIsVisible = 0;
			defaultConfigurationName = Release;
		};
		460EF6002692D01D00FB0B65 /* Build configuration list for PBXNativeTarget "MVVMRxSwiftPractice" */ = {
			isa = XCConfigurationList;
			buildConfigurations = (
				460EF6012692D01D00FB0B65 /* Debug */,
				460EF6022692D01D00FB0B65 /* Release */,
			);
			defaultConfigurationIsVisible = 0;
			defaultConfigurationName = Release;
		};
/* End XCConfigurationList section */
	};
	rootObject = 460EF5E42692D01C00FB0B65 /* Project object */;
}
